
Microsoft Visual Studio Solution File, Format Version 12.00
# Visual Studio Version 17
VisualStudioVersion = 17.2.32630.192
MinimumVisualStudioVersion = 10.0.40219.1
Project("{9A19103F-16F7-4668-BE54-9A1E7A4F7556}") = "manamod", "manamod.csproj", "{D70040A9-24ED-401D-A34B-BCA9BE271AD1}"
EndProject
Global
	GlobalSection(SolutionConfigurationPlatforms) = preSolution
		Debug|Any CPU = Debug|Any CPU
		Release|Any CPU = Release|Any CPU
	EndGlobalSection
	GlobalSection(ProjectConfigurationPlatforms) = postSolution
		{D70040A9-24ED-401D-A34B-BCA9BE271AD1}.Debug|Any CPU.ActiveCfg = Debug|Any CPU
		{D70040A9-24ED-401D-A34B-BCA9BE271AD1}.Debug|Any CPU.Build.0 = Debug|Any CPU
		{D70040A9-24ED-401D-A34B-BCA9BE271AD1}.Release|Any CPU.ActiveCfg = Release|Any CPU
		{D70040A9-24ED-401D-A34B-BCA9BE271AD1}.Release|Any CPU.Build.0 = Release|Any CPU
	EndGlobalSection
	GlobalSection(SolutionProperties) = preSolution
		HideSolutionNode = FALSE
	EndGlobalSection
	GlobalSection(ExtensibilityGlobals) = postSolution
		SolutionGuid = {C2673054-C340-42ED-9C1A-AC963EDB80DE}
	EndGlobalSection
EndGlobal
